// !$*UTF8*$!
{
	archiveVersion = 1;
	classes = {
	};
	objectVersion = 48;
	objects = {

/* Begin PBXBuildFile section */
		2414636C1F316D2400616948 /* Main Menu.swift in Sources */ = {isa = PBXBuildFile; fileRef = 2414636B1F316D2400616948 /* Main Menu.swift */; };
		246203071F314821003A9303 /* AppDelegate.swift in Sources */ = {isa = PBXBuildFile; fileRef = 246203061F314821003A9303 /* AppDelegate.swift */; };
		246203091F314821003A9303 /* art.scnassets in Resources */ = {isa = PBXBuildFile; fileRef = 246203081F314821003A9303 /* art.scnassets */; };
		2462030B1F314821003A9303 /* ARViewController.swift in Sources */ = {isa = PBXBuildFile; fileRef = 2462030A1F314821003A9303 /* ARViewController.swift */; };
		2462030E1F314821003A9303 /* Main.storyboard in Resources */ = {isa = PBXBuildFile; fileRef = 2462030C1F314821003A9303 /* Main.storyboard */; };
		246203101F314821003A9303 /* Assets.xcassets in Resources */ = {isa = PBXBuildFile; fileRef = 2462030F1F314821003A9303 /* Assets.xcassets */; };
		246203131F314821003A9303 /* LaunchScreen.storyboard in Resources */ = {isa = PBXBuildFile; fileRef = 246203111F314821003A9303 /* LaunchScreen.storyboard */; };
		2462031C1F3148AD003A9303 /* Quicksand-Light.ttf in Resources */ = {isa = PBXBuildFile; fileRef = 2462031A1F3148AC003A9303 /* Quicksand-Light.ttf */; };
		2462031D1F3148AD003A9303 /* Quicksand-Regular.ttf in Resources */ = {isa = PBXBuildFile; fileRef = 2462031B1F3148AD003A9303 /* Quicksand-Regular.ttf */; };
		246203201F31518F003A9303 /* Extensions.swift in Sources */ = {isa = PBXBuildFile; fileRef = 2462031F1F31518F003A9303 /* Extensions.swift */; };
		AADE83AC84D5A25368B0629D /* Pods_Airuler.framework in Frameworks */ = {isa = PBXBuildFile; fileRef = 6F58B0B3ED73DA8DEC228352 /* Pods_Airuler.framework */; };
/* End PBXBuildFile section */

/* Begin PBXFileReference section */
		14BA72681ED80835F873166C /* Pods-Airuler.debug.xcconfig */ = {isa = PBXFileReference; includeInIndex = 1; lastKnownFileType = text.xcconfig; name = "Pods-Airuler.debug.xcconfig"; path = "Pods/Target Support Files/Pods-Airuler/Pods-Airuler.debug.xcconfig"; sourceTree = "<group>"; };
		2414636B1F316D2400616948 /* Main Menu.swift */ = {isa = PBXFileReference; fileEncoding = 4; lastKnownFileType = sourcecode.swift; path = "Main Menu.swift"; sourceTree = "<group>"; };
		246203031F314821003A9303 /* Airuler.app */ = {isa = PBXFileReference; explicitFileType = wrapper.application; includeInIndex = 0; path = Airuler.app; sourceTree = BUILT_PRODUCTS_DIR; };
		246203061F314821003A9303 /* AppDelegate.swift */ = {isa = PBXFileReference; lastKnownFileType = sourcecode.swift; path = AppDelegate.swift; sourceTree = "<group>"; };
		246203081F314821003A9303 /* art.scnassets */ = {isa = PBXFileReference; lastKnownFileType = wrapper.scnassets; path = art.scnassets; sourceTree = "<group>"; };
		2462030A1F314821003A9303 /* ARViewController.swift */ = {isa = PBXFileReference; lastKnownFileType = sourcecode.swift; path = ARViewController.swift; sourceTree = "<group>"; };
		2462030D1F314821003A9303 /* Base */ = {isa = PBXFileReference; lastKnownFileType = file.storyboard; name = Base; path = Base.lproj/Main.storyboard; sourceTree = "<group>"; };
		2462030F1F314821003A9303 /* Assets.xcassets */ = {isa = PBXFileReference; lastKnownFileType = folder.assetcatalog; path = Assets.xcassets; sourceTree = "<group>"; };
		246203121F314821003A9303 /* Base */ = {isa = PBXFileReference; lastKnownFileType = file.storyboard; name = Base; path = Base.lproj/LaunchScreen.storyboard; sourceTree = "<group>"; };
		246203141F314821003A9303 /* Info.plist */ = {isa = PBXFileReference; lastKnownFileType = text.plist.xml; path = Info.plist; sourceTree = "<group>"; };
		2462031A1F3148AC003A9303 /* Quicksand-Light.ttf */ = {isa = PBXFileReference; lastKnownFileType = file; path = "Quicksand-Light.ttf"; sourceTree = "<group>"; };
		2462031B1F3148AD003A9303 /* Quicksand-Regular.ttf */ = {isa = PBXFileReference; lastKnownFileType = file; path = "Quicksand-Regular.ttf"; sourceTree = "<group>"; };
		2462031F1F31518F003A9303 /* Extensions.swift */ = {isa = PBXFileReference; fileEncoding = 4; lastKnownFileType = sourcecode.swift; name = Extensions.swift; path = "../../../../Downloads/MeasureARKit-master/ARSampleApp/Extensions.swift"; sourceTree = "<group>"; };
		6E13319ADAF1924C78B237BF /* Pods-Airuler.release.xcconfig */ = {isa = PBXFileReference; includeInIndex = 1; lastKnownFileType = text.xcconfig; name = "Pods-Airuler.release.xcconfig"; path = "Pods/Target Support Files/Pods-Airuler/Pods-Airuler.release.xcconfig"; sourceTree = "<group>"; };
		6F58B0B3ED73DA8DEC228352 /* Pods_Airuler.framework */ = {isa = PBXFileReference; explicitFileType = wrapper.framework; includeInIndex = 0; path = Pods_Airuler.framework; sourceTree = BUILT_PRODUCTS_DIR; };
/* End PBXFileReference section */

/* Begin PBXFrameworksBuildPhase section */
		246203001F314821003A9303 /* Frameworks */ = {
			isa = PBXFrameworksBuildPhase;
			buildActionMask = 2147483647;
			files = (
				AADE83AC84D5A25368B0629D /* Pods_Airuler.framework in Frameworks */,
			);
			runOnlyForDeploymentPostprocessing = 0;
		};
/* End PBXFrameworksBuildPhase section */

/* Begin PBXGroup section */
		0BCB2E19F7E0EADD39F1AC3F /* Frameworks */ = {
			isa = PBXGroup;
			children = (
				6F58B0B3ED73DA8DEC228352 /* Pods_Airuler.framework */,
			);
			name = Frameworks;
			sourceTree = "<group>";
		};
		246202FA1F314820003A9303 = {
			isa = PBXGroup;
			children = (
				246203051F314821003A9303 /* Airuler */,
				246203041F314821003A9303 /* Products */,
				C58CE08C894CB34A58BC1836 /* Pods */,
				0BCB2E19F7E0EADD39F1AC3F /* Frameworks */,
			);
			sourceTree = "<group>";
		};
		246203041F314821003A9303 /* Products */ = {
			isa = PBXGroup;
			children = (
				246203031F314821003A9303 /* Airuler.app */,
			);
			name = Products;
			sourceTree = "<group>";
		};
		246203051F314821003A9303 /* Airuler */ = {
			isa = PBXGroup;
			children = (
				2462031E1F3148F0003A9303 /* Fonts */,
				246203061F314821003A9303 /* AppDelegate.swift */,
				246203081F314821003A9303 /* art.scnassets */,
				2414636B1F316D2400616948 /* Main Menu.swift */,
				2462030A1F314821003A9303 /* ARViewController.swift */,
				2462031F1F31518F003A9303 /* Extensions.swift */,
				2462030C1F314821003A9303 /* Main.storyboard */,
				2462030F1F314821003A9303 /* Assets.xcassets */,
				246203111F314821003A9303 /* LaunchScreen.storyboard */,
				246203141F314821003A9303 /* Info.plist */,
			);
			path = Airuler;
			sourceTree = "<group>";
		};
		2462031E1F3148F0003A9303 /* Fonts */ = {
			isa = PBXGroup;
			children = (
				2462031A1F3148AC003A9303 /* Quicksand-Light.ttf */,
				2462031B1F3148AD003A9303 /* Quicksand-Regular.ttf */,
			);
			path = Fonts;
			sourceTree = "<group>";
		};
		C58CE08C894CB34A58BC1836 /* Pods */ = {
			isa = PBXGroup;
			children = (
				14BA72681ED80835F873166C /* Pods-Airuler.debug.xcconfig */,
				6E13319ADAF1924C78B237BF /* Pods-Airuler.release.xcconfig */,
			);
			name = Pods;
			sourceTree = "<group>";
		};
/* End PBXGroup section */

/* Begin PBXNativeTarget section */
		246203021F314821003A9303 /* Airuler */ = {
			isa = PBXNativeTarget;
			buildConfigurationList = 246203171F314821003A9303 /* Build configuration list for PBXNativeTarget "Airuler" */;
			buildPhases = (
				585834BEAD0CFCBC3D8C4605 /* [CP] Check Pods Manifest.lock */,
				246202FF1F314821003A9303 /* Sources */,
				246203001F314821003A9303 /* Frameworks */,
				246203011F314821003A9303 /* Resources */,
				3FFBE4C1FC8708705D73E7A2 /* [CP] Embed Pods Frameworks */,
				BC4D1BD1C74469E665C9E582 /* [CP] Copy Pods Resources */,
			);
			buildRules = (
			);
			dependencies = (
			);
			name = Airuler;
			productName = Airuler;
			productReference = 246203031F314821003A9303 /* Airuler.app */;
			productType = "com.apple.product-type.application";
		};
/* End PBXNativeTarget section */

/* Begin PBXProject section */
		246202FB1F314821003A9303 /* Project object */ = {
			isa = PBXProject;
			attributes = {
				LastSwiftUpdateCheck = 0900;
				LastUpgradeCheck = 0900;
				ORGANIZATIONNAME = "Parth Desai";
				TargetAttributes = {
					246203021F314821003A9303 = {
						CreatedOnToolsVersion = 9.0;
					};
				};
			};
			buildConfigurationList = 246202FE1F314821003A9303 /* Build configuration list for PBXProject "Airuler" */;
			compatibilityVersion = "Xcode 8.0";
			developmentRegion = en;
			hasScannedForEncodings = 0;
			knownRegions = (
				en,
				Base,
			);
			mainGroup = 246202FA1F314820003A9303;
			productRefGroup = 246203041F314821003A9303 /* Products */;
			projectDirPath = "";
			projectRoot = "";
			targets = (
				246203021F314821003A9303 /* Airuler */,
			);
		};
/* End PBXProject section */

/* Begin PBXResourcesBuildPhase section */
		246203011F314821003A9303 /* Resources */ = {
			isa = PBXResourcesBuildPhase;
			buildActionMask = 2147483647;
			files = (
				246203091F314821003A9303 /* art.scnassets in Resources */,
				2462031D1F3148AD003A9303 /* Quicksand-Regular.ttf in Resources */,
				246203131F314821003A9303 /* LaunchScreen.storyboard in Resources */,
				246203101F314821003A9303 /* Assets.xcassets in Resources */,
				2462030E1F314821003A9303 /* Main.storyboard in Resources */,
				2462031C1F3148AD003A9303 /* Quicksand-Light.ttf in Resources */,
			);
			runOnlyForDeploymentPostprocessing = 0;
		};
/* End PBXResourcesBuildPhase section */

/* Begin PBXShellScriptBuildPhase section */
		3FFBE4C1FC8708705D73E7A2 /* [CP] Embed Pods Frameworks */ = {
			isa = PBXShellScriptBuildPhase;
			buildActionMask = 2147483647;
			files = (
			);
			inputPaths = (
			);
			name = "[CP] Embed Pods Frameworks";
			outputPaths = (
			);
			runOnlyForDeploymentPostprocessing = 0;
			shellPath = /bin/sh;
			shellScript = "\"${SRCROOT}/Pods/Target Support Files/Pods-Airuler/Pods-Airuler-frameworks.sh\"\n";
			showEnvVarsInLog = 0;
		};
		585834BEAD0CFCBC3D8C4605 /* [CP] Check Pods Manifest.lock */ = {
			isa = PBXShellScriptBuildPhase;
			buildActionMask = 2147483647;
			files = (
			);
			inputPaths = (
			);
			name = "[CP] Check Pods Manifest.lock";
			outputPaths = (
			);
			runOnlyForDeploymentPostprocessing = 0;
			shellPath = /bin/sh;
			shellScript = "diff \"${PODS_PODFILE_DIR_PATH}/Podfile.lock\" \"${PODS_ROOT}/Manifest.lock\" > /dev/null\nif [ $? != 0 ] ; then\n    # print error to STDERR\n    echo \"error: The sandbox is not in sync with the Podfile.lock. Run 'pod install' or update your CocoaPods installation.\" >&2\n    exit 1\nfi\n";
			showEnvVarsInLog = 0;
		};
		BC4D1BD1C74469E665C9E582 /* [CP] Copy Pods Resources */ = {
			isa = PBXShellScriptBuildPhase;
			buildActionMask = 2147483647;
			files = (
			);
			inputPaths = (
			);
			name = "[CP] Copy Pods Resources";
			outputPaths = (
			);
			runOnlyForDeploymentPostprocessing = 0;
			shellPath = /bin/sh;
			shellScript = "\"${SRCROOT}/Pods/Target Support Files/Pods-Airuler/Pods-Airuler-resources.sh\"\n";
			showEnvVarsInLog = 0;
		};
/* End PBXShellScriptBuildPhase section */

/* Begin PBXSourcesBuildPhase section */
		246202FF1F314821003A9303 /* Sources */ = {
			isa = PBXSourcesBuildPhase;
			buildActionMask = 2147483647;
			files = (
				2414636C1F316D2400616948 /* Main Menu.swift in Sources */,
				2462030B1F314821003A9303 /* ARViewController.swift in Sources */,
				246203201F31518F003A9303 /* Extensions.swift in Sources */,
				246203071F314821003A9303 /* AppDelegate.swift in Sources */,
			);
			runOnlyForDeploymentPostprocessing = 0;
		};
/* End PBXSourcesBuildPhase section */

/* Begin PBXVariantGroup section */
		2462030C1F314821003A9303 /* Main.storyboard */ = {
			isa = PBXVariantGroup;
			children = (
				2462030D1F314821003A9303 /* Base */,
			);
			name = Main.storyboard;
			sourceTree = "<group>";
		};
		246203111F314821003A9303 /* LaunchScreen.storyboard */ = {
			isa = PBXVariantGroup;
			children = (
				246203121F314821003A9303 /* Base */,
			);
			name = LaunchScreen.storyboard;
			sourceTree = "<group>";
		};
/* End PBXVariantGroup section */

/* Begin XCBuildConfiguration section */
		246203151F314821003A9303 /* Debug */ = {
			isa = XCBuildConfiguration;
			buildSettings = {
				ALWAYS_SEARCH_USER_PATHS = NO;
				CLANG_ANALYZER_NONNULL = YES;
				CLANG_ANALYZER_NUMBER_OBJECT_CONVERSION = YES_AGGRESSIVE;
				CLANG_CXX_LANGUAGE_STANDARD = "gnu++14";
				CLANG_CXX_LIBRARY = "libc++";
				CLANG_ENABLE_MODULES = YES;
				CLANG_ENABLE_OBJC_ARC = YES;
				CLANG_WARN_BLOCK_CAPTURE_AUTORELEASING = YES;
				CLANG_WARN_BOOL_CONVERSION = YES;
				CLANG_WARN_COMMA = YES;
				CLANG_WARN_CONSTANT_CONVERSION = YES;
				CLANG_WARN_DIRECT_OBJC_ISA_USAGE = YES_ERROR;
				CLANG_WARN_DOCUMENTATION_COMMENTS = YES;
				CLANG_WARN_EMPTY_BODY = YES;
				CLANG_WARN_ENUM_CONVERSION = YES;
				CLANG_WARN_INFINITE_RECURSION = YES;
				CLANG_WARN_INT_CONVERSION = YES;
				CLANG_WARN_NON_LITERAL_NULL_CONVERSION = YES;
				CLANG_WARN_OBJC_LITERAL_CONVERSION = YES;
				CLANG_WARN_OBJC_ROOT_CLASS = YES_ERROR;
				CLANG_WARN_RANGE_LOOP_ANALYSIS = YES;
				CLANG_WARN_STRICT_PROTOTYPES = YES;
				CLANG_WARN_SUSPICIOUS_MOVE = YES;
				CLANG_WARN_UNGUARDED_AVAILABILITY = YES_AGGRESSIVE;
				CLANG_WARN_UNREACHABLE_CODE = YES;
				CLANG_WARN__DUPLICATE_METHOD_MATCH = YES;
				CODE_SIGN_IDENTITY = "";
				"CODE_SIGN_IDENTITY[sdk=*]" = "iPhone Developer";
				COPY_PHASE_STRIP = NO;
				DEBUG_INFORMATION_FORMAT = dwarf;
				ENABLE_STRICT_OBJC_MSGSEND = YES;
				ENABLE_TESTABILITY = YES;
				GCC_C_LANGUAGE_STANDARD = gnu11;
				GCC_DYNAMIC_NO_PIC = NO;
				GCC_NO_COMMON_BLOCKS = YES;
				GCC_OPTIMIZATION_LEVEL = 0;
				GCC_PREPROCESSOR_DEFINITIONS = (
					"DEBUG=1",
					"$(inherited)",
				);
				GCC_WARN_64_TO_32_BIT_CONVERSION = YES;
				GCC_WARN_ABOUT_RETURN_TYPE = YES_ERROR;
				GCC_WARN_UNDECLARED_SELECTOR = YES;
				GCC_WARN_UNINITIALIZED_AUTOS = YES_AGGRESSIVE;
				GCC_WARN_UNUSED_FUNCTION = YES;
				GCC_WARN_UNUSED_VARIABLE = YES;
				IPHONEOS_DEPLOYMENT_TARGET = 11.0;
				MTL_ENABLE_DEBUG_INFO = YES;
				ONLY_ACTIVE_ARCH = YES;
				SDKROOT = iphoneos;
				SWIFT_ACTIVE_COMPILATION_CONDITIONS = DEBUG;
				SWIFT_OPTIMIZATION_LEVEL = "-Onone";
			};
			name = Debug;
		};
		246203161F314821003A9303 /* Release */ = {
			isa = XCBuildConfiguration;
			buildSettings = {
				ALWAYS_SEARCH_USER_PATHS = NO;
				CLANG_ANALYZER_NONNULL = YES;
				CLANG_ANALYZER_NUMBER_OBJECT_CONVERSION = YES_AGGRESSIVE;
				CLANG_CXX_LANGUAGE_STANDARD = "gnu++14";
				CLANG_CXX_LIBRARY = "libc++";
				CLANG_ENABLE_MODULES = YES;
				CLANG_ENABLE_OBJC_ARC = YES;
				CLANG_WARN_BLOCK_CAPTURE_AUTORELEASING = YES;
				CLANG_WARN_BOOL_CONVERSION = YES;
				CLANG_WARN_COMMA = YES;
				CLANG_WARN_CONSTANT_CONVERSION = YES;
				CLANG_WARN_DIRECT_OBJC_ISA_USAGE = YES_ERROR;
				CLANG_WARN_DOCUMENTATION_COMMENTS = YES;
				CLANG_WARN_EMPTY_BODY = YES;
				CLANG_WARN_ENUM_CONVERSION = YES;
				CLANG_WARN_INFINITE_RECURSION = YES;
				CLANG_WARN_INT_CONVERSION = YES;
				CLANG_WARN_NON_LITERAL_NULL_CONVERSION = YES;
				CLANG_WARN_OBJC_LITERAL_CONVERSION = YES;
				CLANG_WARN_OBJC_ROOT_CLASS = YES_ERROR;
				CLANG_WARN_RANGE_LOOP_ANALYSIS = YES;
				CLANG_WARN_STRICT_PROTOTYPES = YES;
				CLANG_WARN_SUSPICIOUS_MOVE = YES;
				CLANG_WARN_UNGUARDED_AVAILABILITY = YES_AGGRESSIVE;
				CLANG_WARN_UNREACHABLE_CODE = YES;
				CLANG_WARN__DUPLICATE_METHOD_MATCH = YES;
				CODE_SIGN_IDENTITY = "";
				"CODE_SIGN_IDENTITY[sdk=*]" = "iPhone Developer";
				COPY_PHASE_STRIP = NO;
				DEBUG_INFORMATION_FORMAT = "dwarf-with-dsym";
				ENABLE_NS_ASSERTIONS = NO;
				ENABLE_STRICT_OBJC_MSGSEND = YES;
				GCC_C_LANGUAGE_STANDARD = gnu11;
				GCC_NO_COMMON_BLOCKS = YES;
				GCC_WARN_64_TO_32_BIT_CONVERSION = YES;
				GCC_WARN_ABOUT_RETURN_TYPE = YES_ERROR;
				GCC_WARN_UNDECLARED_SELECTOR = YES;
				GCC_WARN_UNINITIALIZED_AUTOS = YES_AGGRESSIVE;
				GCC_WARN_UNUSED_FUNCTION = YES;
				GCC_WARN_UNUSED_VARIABLE = YES;
				IPHONEOS_DEPLOYMENT_TARGET = 11.0;
				MTL_ENABLE_DEBUG_INFO = NO;
				SDKROOT = iphoneos;
				SWIFT_OPTIMIZATION_LEVEL = "-Owholemodule";
				VALIDATE_PRODUCT = YES;
			};
			name = Release;
		};
		246203181F314821003A9303 /* Debug */ = {
			isa = XCBuildConfiguration;
			baseConfigurationReference = 14BA72681ED80835F873166C /* Pods-Airuler.debug.xcconfig */;
			buildSettings = {
				ASSETCATALOG_COMPILER_APPICON_NAME = AppIcon;
				DEVELOPMENT_TEAM = KF29YMGV9R;
				INFOPLIST_FILE = Airuler/Info.plist;
				IPHONEOS_DEPLOYMENT_TARGET = 11.0;
				LD_RUNPATH_SEARCH_PATHS = "$(inherited) @executable_path/Frameworks";
				PRODUCT_BUNDLE_IDENTIFIER = com.parthdesai.Airuler;
				PRODUCT_NAME = "$(TARGET_NAME)";
				SWIFT_VERSION = 4.0;
				TARGETED_DEVICE_FAMILY = "1,2";
			};
			name = Debug;
		};
		246203191F314821003A9303 /* Release */ = {
			isa = XCBuildConfiguration;
			baseConfigurationReference = 6E13319ADAF1924C78B237BF /* Pods-Airuler.release.xcconfig */;
			buildSettings = {
				ASSETCATALOG_COMPILER_APPICON_NAME = AppIcon;
				DEVELOPMENT_TEAM = KF29YMGV9R;
				INFOPLIST_FILE = Airuler/Info.plist;
				IPHONEOS_DEPLOYMENT_TARGET = 11.0;
				LD_RUNPATH_SEARCH_PATHS = "$(inherited) @executable_path/Frameworks";
				PRODUCT_BUNDLE_IDENTIFIER = com.parthdesai.Airuler;
				PRODUCT_NAME = "$(TARGET_NAME)";
				SWIFT_VERSION = 4.0;
				TARGETED_DEVICE_FAMILY = "1,2";
			};
			name = Release;
		};
/* End XCBuildConfiguration section */

/* Begin XCConfigurationList section */
		246202FE1F314821003A9303 /* Build configuration list for PBXProject "Airuler" */ = {
			isa = XCConfigurationList;
			buildConfigurations = (
				246203151F314821003A9303 /* Debug */,
				246203161F314821003A9303 /* Release */,
			);
			defaultConfigurationIsVisible = 0;
			defaultConfigurationName = Release;
		};
		246203171F314821003A9303 /* Build configuration list for PBXNativeTarget "Airuler" */ = {
			isa = XCConfigurationList;
			buildConfigurations = (
				246203181F314821003A9303 /* Debug */,
				246203191F314821003A9303 /* Release */,
			);
			defaultConfigurationIsVisible = 0;
			defaultConfigurationName = Release;
		};
/* End XCConfigurationList section */
	};
	rootObject = 246202FB1F314821003A9303 /* Project object */;
}
